
Microsoft Visual Studio Solution File, Format Version 12.00
# Visual Studio Version 16
VisualStudioVersion = 16.0.31624.102
MinimumVisualStudioVersion = 10.0.40219.1
Project("{FAE04EC0-301F-11D3-BF4B-00C04F79EFBC}") = "welcomeAddressBook", "welcomeAddressBook\welcomeAddressBook.csproj", "{F9E70D56-8F54-4BEB-8840-77DCC0F5EB02}"
EndProject
Global
	GlobalSection(SolutionConfigurationPlatforms) = preSolution
		Debug|Any CPU = Debug|Any CPU
		Release|Any CPU = Release|Any CPU
	EndGlobalSection
	GlobalSection(ProjectConfigurationPlatforms) = postSolution
		{F9E70D56-8F54-4BEB-8840-77DCC0F5EB02}.Debug|Any CPU.ActiveCfg = Debug|Any CPU
		{F9E70D56-8F54-4BEB-8840-77DCC0F5EB02}.Debug|Any CPU.Build.0 = Debug|Any CPU
		{F9E70D56-8F54-4BEB-8840-77DCC0F5EB02}.Release|Any CPU.ActiveCfg = Release|Any CPU
		{F9E70D56-8F54-4BEB-8840-77DCC0F5EB02}.Release|Any CPU.Build.0 = Release|Any CPU
	EndGlobalSection
	GlobalSection(SolutionProperties) = preSolution
		HideSolutionNode = FALSE
	EndGlobalSection
	GlobalSection(ExtensibilityGlobals) = postSolution
		SolutionGuid = {74D5F71B-8662-4762-A401-64FE4AC4371D}
	EndGlobalSection
EndGlobal
